{
  "projects": [
    {
      "projectId": "cSUR3G93M7rWiFoDxYU97s",
      "version": "latest",
      "dependencies": {},
      "lang": "ts",
      "fileLocks": [
        {
          "type": "globalVariant",
          "assetId": "MTzqulV_YI5a",
          "checksum": "c12611389447ccb450a098fc5dcbb19c"
        },
        {
          "assetId": "cSUR3G93M7rWiFoDxYU97s",
          "type": "projectCss",
          "checksum": "9fb26631e44c585a7bba5a2708ab708b"
        },
        {
          "type": "renderModule",
          "assetId": "-2dAKJNOAOMO",
          "checksum": "55afca77f1e045c0698370f1ca92a144"
        },
        {
          "type": "cssRules",
          "assetId": "-2dAKJNOAOMO",
          "checksum": "55afca77f1e045c0698370f1ca92a144"
        }
      ],
      "codegenVersion": "0.0.1"
    }
  ],
  "cliVersion": "0.1.336"
}
